
Microsoft Visual Studio Solution File, Format Version 12.00
# Visual Studio 15
VisualStudioVersion = 15.0.27428.2002
MinimumVisualStudioVersion = 10.0.40219.1
Project("{FAE04EC0-301F-11D3-BF4B-00C04F79EFBC}") = "fnc", "fnc\fnc.csproj", "{452EFB52-B140-460E-AEDF-8404197DFC3F}"
EndProject
Global
	GlobalSection(SolutionConfigurationPlatforms) = preSolution
		Debug|Any CPU = Debug|Any CPU
		Release|Any CPU = Release|Any CPU
	EndGlobalSection
	GlobalSection(ProjectConfigurationPlatforms) = postSolution
		{452EFB52-B140-460E-AEDF-8404197DFC3F}.Debug|Any CPU.ActiveCfg = Debug|Any CPU
		{452EFB52-B140-460E-AEDF-8404197DFC3F}.Debug|Any CPU.Build.0 = Debug|Any CPU
		{452EFB52-B140-460E-AEDF-8404197DFC3F}.Release|Any CPU.ActiveCfg = Release|Any CPU
		{452EFB52-B140-460E-AEDF-8404197DFC3F}.Release|Any CPU.Build.0 = Release|Any CPU
	EndGlobalSection
	GlobalSection(SolutionProperties) = preSolution
		HideSolutionNode = FALSE
	EndGlobalSection
	GlobalSection(ExtensibilityGlobals) = postSolution
		SolutionGuid = {FD9F432F-5910-4E61-97DA-794BB820B796}
	EndGlobalSection
EndGlobal
